
Microsoft Visual Studio Solution File, Format Version 12.00
# Visual Studio Version 17
VisualStudioVersion = 17.4.33213.308
MinimumVisualStudioVersion = 10.0.40219.1
Project("{FAE04EC0-301F-11D3-BF4B-00C04F79EFBC}") = "PcWatcher.Android", "PcWatcher\PcWatcher.Android\PcWatcher.Android.csproj", "{7C838DBA-7336-4947-AD3C-FA81BB7853DB}"
EndProject
Project("{FAE04EC0-301F-11D3-BF4B-00C04F79EFBC}") = "PcWatcher", "PcWatcher\PcWatcher\PcWatcher.csproj", "{348051EC-8E9A-444D-A010-A0E419E92180}"
EndProject
Global
	GlobalSection(SolutionConfigurationPlatforms) = preSolution
		Debug|Any CPU = Debug|Any CPU
		Release|Any CPU = Release|Any CPU
	EndGlobalSection
	GlobalSection(ProjectConfigurationPlatforms) = postSolution
		{7C838DBA-7336-4947-AD3C-FA81BB7853DB}.Debug|Any CPU.ActiveCfg = Debug|Any CPU
		{7C838DBA-7336-4947-AD3C-FA81BB7853DB}.Debug|Any CPU.Build.0 = Debug|Any CPU
		{7C838DBA-7336-4947-AD3C-FA81BB7853DB}.Debug|Any CPU.Deploy.0 = Debug|Any CPU
		{7C838DBA-7336-4947-AD3C-FA81BB7853DB}.Release|Any CPU.ActiveCfg = Release|Any CPU
		{7C838DBA-7336-4947-AD3C-FA81BB7853DB}.Release|Any CPU.Build.0 = Release|Any CPU
		{7C838DBA-7336-4947-AD3C-FA81BB7853DB}.Release|Any CPU.Deploy.0 = Release|Any CPU
		{348051EC-8E9A-444D-A010-A0E419E92180}.Debug|Any CPU.ActiveCfg = Debug|Any CPU
		{348051EC-8E9A-444D-A010-A0E419E92180}.Debug|Any CPU.Build.0 = Debug|Any CPU
		{348051EC-8E9A-444D-A010-A0E419E92180}.Debug|Any CPU.Deploy.0 = Debug|Any CPU
		{348051EC-8E9A-444D-A010-A0E419E92180}.Release|Any CPU.ActiveCfg = Release|Any CPU
		{348051EC-8E9A-444D-A010-A0E419E92180}.Release|Any CPU.Build.0 = Release|Any CPU
		{348051EC-8E9A-444D-A010-A0E419E92180}.Release|Any CPU.Deploy.0 = Release|Any CPU
	EndGlobalSection
	GlobalSection(SolutionProperties) = preSolution
		HideSolutionNode = FALSE
	EndGlobalSection
	GlobalSection(ExtensibilityGlobals) = postSolution
		SolutionGuid = {245BEC7D-D787-4FDA-9771-38A362D1526A}
	EndGlobalSection
EndGlobal
